PODS:
  - Alamofire (4.6.0)
  - AlamofireImage (3.3.0):
    - Alamofire (~> 4.5)
  - Bolts (1.9.0):
    - Bolts/AppLinks (= 1.9.0)
    - Bolts/Tasks (= 1.9.0)
  - Bolts/AppLinks (1.9.0):
    - Bolts/Tasks
  - Bolts/Tasks (1.9.0)
  - FacebookCore (0.3.0):
    - Bolts (~> 1.8)
    - FBSDKCoreKit (~> 4.27)
  - FacebookLogin (0.3.0):
    - Bolts (~> 1.8)
    - FacebookCore (~> 0.3)
    - FBSDKCoreKit (~> 4.27)
    - FBSDKLoginKit (~> 4.27)
  - FBSDKCoreKit (4.29.0):
    - Bolts (~> 1.7)
  - FBSDKLoginKit (4.29.0):
    - FBSDKCoreKit
  - Realm (3.0.2):
    - Realm/Headers (= 3.0.2)
  - Realm/Headers (3.0.2)
  - RealmSwift (3.0.2):
    - Realm (= 3.0.2)
  - SlideMenuControllerSwift (4.0.0)

DEPENDENCIES:
  - AlamofireImage (~> 3.3)
  - FacebookCore
  - FacebookLogin
  - RealmSwift
  - SlideMenuControllerSwift

SPEC CHECKSUMS:
  Alamofire: f41a599bd63041760b26d393ec1069d9d7b917f4
  AlamofireImage: 2e784dc5d00f04903a52c1d169181469c805c3df
  Bolts: ac6567323eac61e203f6a9763667d0f711be34c8
  FacebookCore: 3ffa190a3f1f96cec0e44d3fc221bc322c595ffa
  FacebookLogin: 0af839ea858faef99550d16596b87b4a8e8906e6
  FBSDKCoreKit: 6f139173dc63a1deaff4430a55f2fe5bb222d2af
  FBSDKLoginKit: 56a057ca6822535ea0faa25f57a7c41edb697fd4
  Realm: 6f23fd1f178a09342eac21bfa7c2bf4312a7a180
  RealmSwift: 695393add1b8f9d5fa75dd16e6355cf3935f71e2
  SlideMenuControllerSwift: 021d6318201c53d4d4d3710517d43d6c556c7dd0

PODFILE CHECKSUM: 783e93ff7ad7231147abb149c2393b403c38fad3

COCOAPODS: 1.3.1
