// !$*UTF8*$!
{
	archiveVersion = 1;
	classes = {
	};
	objectVersion = 48;
	objects = {

/* Begin PBXBuildFile section */
		3C18754A6517DCC0B2C7BC3B /* Pods_MyTasks.framework in Frameworks */ = {isa = PBXBuildFile; fileRef = 6E59CB06CC792C3CC386024C /* Pods_MyTasks.framework */; };
		5F2FB2B020337B1C002667AC /* UIView+Gestures.swift in Sources */ = {isa = PBXBuildFile; fileRef = 5F2FB2AF20337B1C002667AC /* UIView+Gestures.swift */; };
		5F2FB2B22033B12B002667AC /* UIButton+State.swift in Sources */ = {isa = PBXBuildFile; fileRef = 5F2FB2B12033B12B002667AC /* UIButton+State.swift */; };
		5F8AC265203B94E800B3E037 /* SliderMenuViewController.swift in Sources */ = {isa = PBXBuildFile; fileRef = 5F8AC264203B94E800B3E037 /* SliderMenuViewController.swift */; };
		5F8AC267203BA88000B3E037 /* MenuViewController.swift in Sources */ = {isa = PBXBuildFile; fileRef = 5F8AC266203BA88000B3E037 /* MenuViewController.swift */; };
		5F9D3F6A2028D197000FFA2B /* AppDelegate.swift in Sources */ = {isa = PBXBuildFile; fileRef = 5F9D3F692028D197000FFA2B /* AppDelegate.swift */; };
		5F9D3F6F2028D197000FFA2B /* Main.storyboard in Resources */ = {isa = PBXBuildFile; fileRef = 5F9D3F6D2028D197000FFA2B /* Main.storyboard */; };
		5F9D3F722028D197000FFA2B /* MyTasks.xcdatamodeld in Sources */ = {isa = PBXBuildFile; fileRef = 5F9D3F702028D197000FFA2B /* MyTasks.xcdatamodeld */; };
		5F9D3F742028D197000FFA2B /* Assets.xcassets in Resources */ = {isa = PBXBuildFile; fileRef = 5F9D3F732028D197000FFA2B /* Assets.xcassets */; };
		5F9D3F772028D197000FFA2B /* LaunchScreen.storyboard in Resources */ = {isa = PBXBuildFile; fileRef = 5F9D3F752028D197000FFA2B /* LaunchScreen.storyboard */; };
		5F9D3F802028D79E000FFA2B /* LoginViewController.swift in Sources */ = {isa = PBXBuildFile; fileRef = 5F9D3F7F2028D79E000FFA2B /* LoginViewController.swift */; };
		5F9D3F822028E06B000FFA2B /* FacebookManager.swift in Sources */ = {isa = PBXBuildFile; fileRef = 5F9D3F812028E06B000FFA2B /* FacebookManager.swift */; };
		5F9D3F852028ECDA000FFA2B /* User.swift in Sources */ = {isa = PBXBuildFile; fileRef = 5F9D3F842028ECDA000FFA2B /* User.swift */; };
		5F9D3F8920291421000FFA2B /* RealmService.swift in Sources */ = {isa = PBXBuildFile; fileRef = 5F9D3F8820291421000FFA2B /* RealmService.swift */; };
		5FACC614202A67D5003D1957 /* Date+Format.swift in Sources */ = {isa = PBXBuildFile; fileRef = 5FACC613202A67D5003D1957 /* Date+Format.swift */; };
		5FADACE0202CA6D60002C351 /* LayerContainerView.swift in Sources */ = {isa = PBXBuildFile; fileRef = 5FADACDF202CA6D60002C351 /* LayerContainerView.swift */; };
		5FADACE2202CD0710002C351 /* UIView+Decoration.swift in Sources */ = {isa = PBXBuildFile; fileRef = 5FADACE1202CD0710002C351 /* UIView+Decoration.swift */; };
		5FADACE4202CF7EA0002C351 /* UICollectionViewCell+ReuseableId.swift in Sources */ = {isa = PBXBuildFile; fileRef = 5FADACE3202CF7EA0002C351 /* UICollectionViewCell+ReuseableId.swift */; };
		5FADACE6202CF9DE0002C351 /* CategoryIcon.swift in Sources */ = {isa = PBXBuildFile; fileRef = 5FADACE5202CF9DE0002C351 /* CategoryIcon.swift */; };
		5FC04976202A170400B80ABC /* Localizable.strings in Resources */ = {isa = PBXBuildFile; fileRef = 5FC04978202A170400B80ABC /* Localizable.strings */; };
		5FC0497B202A322800B80ABC /* HomeViewController.swift in Sources */ = {isa = PBXBuildFile; fileRef = 5FC0497A202A322800B80ABC /* HomeViewController.swift */; };
		5FC0498C202A537F00B80ABC /* UserManager.swift in Sources */ = {isa = PBXBuildFile; fileRef = 5FC0498B202A537F00B80ABC /* UserManager.swift */; };
		5FD49CCE202A7AFA008C1ECB /* TaskList.swift in Sources */ = {isa = PBXBuildFile; fileRef = 5FD49CCD202A7AFA008C1ECB /* TaskList.swift */; };
		5FD49CD0202A7B5B008C1ECB /* TaskItem.swift in Sources */ = {isa = PBXBuildFile; fileRef = 5FD49CCF202A7B5B008C1ECB /* TaskItem.swift */; };
		5FD49CD6202A7F3A008C1ECB /* TaskListCollectionCell.swift in Sources */ = {isa = PBXBuildFile; fileRef = 5FD49CD4202A7F3A008C1ECB /* TaskListCollectionCell.swift */; };
		5FD49CD7202A7F3A008C1ECB /* TaskListCollectionCell.xib in Resources */ = {isa = PBXBuildFile; fileRef = 5FD49CD5202A7F3A008C1ECB /* TaskListCollectionCell.xib */; };
		5FD49CDA202A81B7008C1ECB /* AddTaskListCollectionCell.swift in Sources */ = {isa = PBXBuildFile; fileRef = 5FD49CD8202A81B7008C1ECB /* AddTaskListCollectionCell.swift */; };
		5FD49CDB202A81B7008C1ECB /* AddTaskListCollectionCell.xib in Resources */ = {isa = PBXBuildFile; fileRef = 5FD49CD9202A81B7008C1ECB /* AddTaskListCollectionCell.xib */; };
		5FD49CDF202A9AC7008C1ECB /* TaskListDetailViewController.swift in Sources */ = {isa = PBXBuildFile; fileRef = 5FD49CDE202A9AC7008C1ECB /* TaskListDetailViewController.swift */; };
		5FE069382034B51500121B9F /* TaskListProgressView.swift in Sources */ = {isa = PBXBuildFile; fileRef = 5FE069372034B51500121B9F /* TaskListProgressView.swift */; };
		5FE0693A2034B53600121B9F /* TaskListProgressView.xib in Resources */ = {isa = PBXBuildFile; fileRef = 5FE069392034B53600121B9F /* TaskListProgressView.xib */; };
		5FE0693C2034C05400121B9F /* TaskListTableHeader.swift in Sources */ = {isa = PBXBuildFile; fileRef = 5FE0693B2034C05400121B9F /* TaskListTableHeader.swift */; };
		5FE0693E2034C09600121B9F /* TaskListTableHeader.xib in Resources */ = {isa = PBXBuildFile; fileRef = 5FE0693D2034C09600121B9F /* TaskListTableHeader.xib */; };
		5FE069412034E9A400121B9F /* DueDateCell.swift in Sources */ = {isa = PBXBuildFile; fileRef = 5FE0693F2034E9A400121B9F /* DueDateCell.swift */; };
		5FE069422034E9A400121B9F /* DueDateCell.xib in Resources */ = {isa = PBXBuildFile; fileRef = 5FE069402034E9A400121B9F /* DueDateCell.xib */; };
		5FF0B0D6202B5D6500A7ADB8 /* TaskListDetailTableViewController.swift in Sources */ = {isa = PBXBuildFile; fileRef = 5FF0B0D5202B5D6500A7ADB8 /* TaskListDetailTableViewController.swift */; };
		5FF0B0D9202B92B500A7ADB8 /* ColorPickerCollectionCell.swift in Sources */ = {isa = PBXBuildFile; fileRef = 5FF0B0D7202B92B500A7ADB8 /* ColorPickerCollectionCell.swift */; };
		5FF0B0DA202B92B500A7ADB8 /* ColorPickerCollectionCell.xib in Resources */ = {isa = PBXBuildFile; fileRef = 5FF0B0D8202B92B500A7ADB8 /* ColorPickerCollectionCell.xib */; };
		5FF0B0DE202B93CF00A7ADB8 /* UIColor+ColorPicker.swift in Sources */ = {isa = PBXBuildFile; fileRef = 5FF0B0DD202B93CF00A7ADB8 /* UIColor+ColorPicker.swift */; };
		5FF0B0E3202BB86D00A7ADB8 /* IconPickerCollectionCell.swift in Sources */ = {isa = PBXBuildFile; fileRef = 5FF0B0E1202BB86D00A7ADB8 /* IconPickerCollectionCell.swift */; };
		5FF0B0E4202BB86D00A7ADB8 /* IconPickerCollectionCell.xib in Resources */ = {isa = PBXBuildFile; fileRef = 5FF0B0E2202BB86D00A7ADB8 /* IconPickerCollectionCell.xib */; };
		5FF0B0E8202BC2E600A7ADB8 /* UIImageView+Decoration.swift in Sources */ = {isa = PBXBuildFile; fileRef = 5FF0B0E7202BC2E600A7ADB8 /* UIImageView+Decoration.swift */; };
		5FF830802031F2B600FABDD8 /* TaskDetailTableViewController.swift in Sources */ = {isa = PBXBuildFile; fileRef = 5FF8307F2031F2B600FABDD8 /* TaskDetailTableViewController.swift */; };
		5FF830832031F3E700FABDD8 /* TextFieldCell.swift in Sources */ = {isa = PBXBuildFile; fileRef = 5FF830812031F3E700FABDD8 /* TextFieldCell.swift */; };
		5FF830842031F3E700FABDD8 /* TextFieldCell.xib in Resources */ = {isa = PBXBuildFile; fileRef = 5FF830822031F3E700FABDD8 /* TextFieldCell.xib */; };
		5FF830892031F40B00FABDD8 /* DatePickerCell.swift in Sources */ = {isa = PBXBuildFile; fileRef = 5FF830872031F40B00FABDD8 /* DatePickerCell.swift */; };
		5FF8308A2031F40B00FABDD8 /* DatePickerCell.xib in Resources */ = {isa = PBXBuildFile; fileRef = 5FF830882031F40B00FABDD8 /* DatePickerCell.xib */; };
		5FF830902031F4A800FABDD8 /* UITableViewCell+ReusableId.swift in Sources */ = {isa = PBXBuildFile; fileRef = 5FF8308F2031F4A800FABDD8 /* UITableViewCell+ReusableId.swift */; };
		5FF830922031FEC400FABDD8 /* TaskDetailViewController.swift in Sources */ = {isa = PBXBuildFile; fileRef = 5FF830912031FEC400FABDD8 /* TaskDetailViewController.swift */; };
		5FF8309520323DDA00FABDD8 /* TaskListCell.swift in Sources */ = {isa = PBXBuildFile; fileRef = 5FF8309320323DDA00FABDD8 /* TaskListCell.swift */; };
		5FF8309620323DDA00FABDD8 /* TaskListCell.xib in Resources */ = {isa = PBXBuildFile; fileRef = 5FF8309420323DDA00FABDD8 /* TaskListCell.xib */; };
		5FF830992032818B00FABDD8 /* TaskCell.swift in Sources */ = {isa = PBXBuildFile; fileRef = 5FF830972032818B00FABDD8 /* TaskCell.swift */; };
		5FF8309A2032818B00FABDD8 /* TaskCell.xib in Resources */ = {isa = PBXBuildFile; fileRef = 5FF830982032818B00FABDD8 /* TaskCell.xib */; };
		5FF830A02032B25500FABDD8 /* TaskListViewController.swift in Sources */ = {isa = PBXBuildFile; fileRef = 5FF8309F2032B25500FABDD8 /* TaskListViewController.swift */; };
		5FFC81BC20373833007F018F /* BasicStorageFunctions.swift in Sources */ = {isa = PBXBuildFile; fileRef = 5FFC81BB20373833007F018F /* BasicStorageFunctions.swift */; };
/* End PBXBuildFile section */

/* Begin PBXFileReference section */
		2617ADFA3901667898F17FA5 /* Pods-MyTasks.debug.xcconfig */ = {isa = PBXFileReference; includeInIndex = 1; lastKnownFileType = text.xcconfig; name = "Pods-MyTasks.debug.xcconfig"; path = "Pods/Target Support Files/Pods-MyTasks/Pods-MyTasks.debug.xcconfig"; sourceTree = "<group>"; };
		5F2FB2AF20337B1C002667AC /* UIView+Gestures.swift */ = {isa = PBXFileReference; lastKnownFileType = sourcecode.swift; path = "UIView+Gestures.swift"; sourceTree = "<group>"; };
		5F2FB2B12033B12B002667AC /* UIButton+State.swift */ = {isa = PBXFileReference; lastKnownFileType = sourcecode.swift; path = "UIButton+State.swift"; sourceTree = "<group>"; };
		5F8AC264203B94E800B3E037 /* SliderMenuViewController.swift */ = {isa = PBXFileReference; lastKnownFileType = sourcecode.swift; path = SliderMenuViewController.swift; sourceTree = "<group>"; };
		5F8AC266203BA88000B3E037 /* MenuViewController.swift */ = {isa = PBXFileReference; lastKnownFileType = sourcecode.swift; path = MenuViewController.swift; sourceTree = "<group>"; };
		5F9D3F662028D197000FFA2B /* MyTasks.app */ = {isa = PBXFileReference; explicitFileType = wrapper.application; includeInIndex = 0; path = MyTasks.app; sourceTree = BUILT_PRODUCTS_DIR; };
		5F9D3F692028D197000FFA2B /* AppDelegate.swift */ = {isa = PBXFileReference; lastKnownFileType = sourcecode.swift; path = AppDelegate.swift; sourceTree = "<group>"; };
		5F9D3F6E2028D197000FFA2B /* Base */ = {isa = PBXFileReference; lastKnownFileType = file.storyboard; name = Base; path = Base.lproj/Main.storyboard; sourceTree = "<group>"; };
		5F9D3F712028D197000FFA2B /* MyTasks.xcdatamodel */ = {isa = PBXFileReference; lastKnownFileType = wrapper.xcdatamodel; path = MyTasks.xcdatamodel; sourceTree = "<group>"; };
		5F9D3F732028D197000FFA2B /* Assets.xcassets */ = {isa = PBXFileReference; lastKnownFileType = folder.assetcatalog; path = Assets.xcassets; sourceTree = "<group>"; };
		5F9D3F762028D197000FFA2B /* Base */ = {isa = PBXFileReference; lastKnownFileType = file.storyboard; name = Base; path = Base.lproj/LaunchScreen.storyboard; sourceTree = "<group>"; };
		5F9D3F782028D197000FFA2B /* Info.plist */ = {isa = PBXFileReference; lastKnownFileType = text.plist.xml; path = Info.plist; sourceTree = "<group>"; };
		5F9D3F7F2028D79E000FFA2B /* LoginViewController.swift */ = {isa = PBXFileReference; lastKnownFileType = sourcecode.swift; path = LoginViewController.swift; sourceTree = "<group>"; };
		5F9D3F812028E06B000FFA2B /* FacebookManager.swift */ = {isa = PBXFileReference; lastKnownFileType = sourcecode.swift; path = FacebookManager.swift; sourceTree = "<group>"; };
		5F9D3F842028ECDA000FFA2B /* User.swift */ = {isa = PBXFileReference; lastKnownFileType = sourcecode.swift; path = User.swift; sourceTree = "<group>"; };
		5F9D3F8820291421000FFA2B /* RealmService.swift */ = {isa = PBXFileReference; lastKnownFileType = sourcecode.swift; path = RealmService.swift; sourceTree = "<group>"; };
		5FACC613202A67D5003D1957 /* Date+Format.swift */ = {isa = PBXFileReference; lastKnownFileType = sourcecode.swift; path = "Date+Format.swift"; sourceTree = "<group>"; };
		5FADACDF202CA6D60002C351 /* LayerContainerView.swift */ = {isa = PBXFileReference; lastKnownFileType = sourcecode.swift; path = LayerContainerView.swift; sourceTree = "<group>"; };
		5FADACE1202CD0710002C351 /* UIView+Decoration.swift */ = {isa = PBXFileReference; lastKnownFileType = sourcecode.swift; path = "UIView+Decoration.swift"; sourceTree = "<group>"; };
		5FADACE3202CF7EA0002C351 /* UICollectionViewCell+ReuseableId.swift */ = {isa = PBXFileReference; lastKnownFileType = sourcecode.swift; path = "UICollectionViewCell+ReuseableId.swift"; sourceTree = "<group>"; };
		5FADACE5202CF9DE0002C351 /* CategoryIcon.swift */ = {isa = PBXFileReference; lastKnownFileType = sourcecode.swift; path = CategoryIcon.swift; sourceTree = "<group>"; };
		5FC04979202A171800B80ABC /* Base */ = {isa = PBXFileReference; lastKnownFileType = text.plist.strings; name = Base; path = Base.lproj/Localizable.strings; sourceTree = "<group>"; };
		5FC0497A202A322800B80ABC /* HomeViewController.swift */ = {isa = PBXFileReference; lastKnownFileType = sourcecode.swift; path = HomeViewController.swift; sourceTree = "<group>"; };
		5FC04981202A387200B80ABC /* es-419 */ = {isa = PBXFileReference; lastKnownFileType = text.plist.strings; name = "es-419"; path = "es-419.lproj/Main.strings"; sourceTree = "<group>"; };
		5FC04982202A387200B80ABC /* es-419 */ = {isa = PBXFileReference; lastKnownFileType = text.plist.strings; name = "es-419"; path = "es-419.lproj/LaunchScreen.strings"; sourceTree = "<group>"; };
		5FC04983202A387200B80ABC /* es-419 */ = {isa = PBXFileReference; lastKnownFileType = text.plist.strings; name = "es-419"; path = "es-419.lproj/Localizable.strings"; sourceTree = "<group>"; };
		5FC04984202A38A500B80ABC /* en */ = {isa = PBXFileReference; lastKnownFileType = text.plist.strings; name = en; path = en.lproj/Localizable.strings; sourceTree = "<group>"; };
		5FC0498B202A537F00B80ABC /* UserManager.swift */ = {isa = PBXFileReference; lastKnownFileType = sourcecode.swift; path = UserManager.swift; sourceTree = "<group>"; };
		5FD49CCD202A7AFA008C1ECB /* TaskList.swift */ = {isa = PBXFileReference; lastKnownFileType = sourcecode.swift; path = TaskList.swift; sourceTree = "<group>"; };
		5FD49CCF202A7B5B008C1ECB /* TaskItem.swift */ = {isa = PBXFileReference; lastKnownFileType = sourcecode.swift; path = TaskItem.swift; sourceTree = "<group>"; };
		5FD49CD4202A7F3A008C1ECB /* TaskListCollectionCell.swift */ = {isa = PBXFileReference; lastKnownFileType = sourcecode.swift; path = TaskListCollectionCell.swift; sourceTree = "<group>"; };
		5FD49CD5202A7F3A008C1ECB /* TaskListCollectionCell.xib */ = {isa = PBXFileReference; lastKnownFileType = file.xib; path = TaskListCollectionCell.xib; sourceTree = "<group>"; };
		5FD49CD8202A81B7008C1ECB /* AddTaskListCollectionCell.swift */ = {isa = PBXFileReference; lastKnownFileType = sourcecode.swift; path = AddTaskListCollectionCell.swift; sourceTree = "<group>"; };
		5FD49CD9202A81B7008C1ECB /* AddTaskListCollectionCell.xib */ = {isa = PBXFileReference; lastKnownFileType = file.xib; path = AddTaskListCollectionCell.xib; sourceTree = "<group>"; };
		5FD49CDE202A9AC7008C1ECB /* TaskListDetailViewController.swift */ = {isa = PBXFileReference; lastKnownFileType = sourcecode.swift; path = TaskListDetailViewController.swift; sourceTree = "<group>"; };
		5FE069372034B51500121B9F /* TaskListProgressView.swift */ = {isa = PBXFileReference; lastKnownFileType = sourcecode.swift; path = TaskListProgressView.swift; sourceTree = "<group>"; };
		5FE069392034B53600121B9F /* TaskListProgressView.xib */ = {isa = PBXFileReference; lastKnownFileType = file.xib; path = TaskListProgressView.xib; sourceTree = "<group>"; };
		5FE0693B2034C05400121B9F /* TaskListTableHeader.swift */ = {isa = PBXFileReference; lastKnownFileType = sourcecode.swift; path = TaskListTableHeader.swift; sourceTree = "<group>"; };
		5FE0693D2034C09600121B9F /* TaskListTableHeader.xib */ = {isa = PBXFileReference; lastKnownFileType = file.xib; path = TaskListTableHeader.xib; sourceTree = "<group>"; };
		5FE0693F2034E9A400121B9F /* DueDateCell.swift */ = {isa = PBXFileReference; lastKnownFileType = sourcecode.swift; path = DueDateCell.swift; sourceTree = "<group>"; };
		5FE069402034E9A400121B9F /* DueDateCell.xib */ = {isa = PBXFileReference; lastKnownFileType = file.xib; path = DueDateCell.xib; sourceTree = "<group>"; };
		5FF0B0D5202B5D6500A7ADB8 /* TaskListDetailTableViewController.swift */ = {isa = PBXFileReference; lastKnownFileType = sourcecode.swift; path = TaskListDetailTableViewController.swift; sourceTree = "<group>"; };
		5FF0B0D7202B92B500A7ADB8 /* ColorPickerCollectionCell.swift */ = {isa = PBXFileReference; lastKnownFileType = sourcecode.swift; path = ColorPickerCollectionCell.swift; sourceTree = "<group>"; };
		5FF0B0D8202B92B500A7ADB8 /* ColorPickerCollectionCell.xib */ = {isa = PBXFileReference; lastKnownFileType = file.xib; path = ColorPickerCollectionCell.xib; sourceTree = "<group>"; };
		5FF0B0DD202B93CF00A7ADB8 /* UIColor+ColorPicker.swift */ = {isa = PBXFileReference; lastKnownFileType = sourcecode.swift; path = "UIColor+ColorPicker.swift"; sourceTree = "<group>"; };
		5FF0B0E1202BB86D00A7ADB8 /* IconPickerCollectionCell.swift */ = {isa = PBXFileReference; lastKnownFileType = sourcecode.swift; path = IconPickerCollectionCell.swift; sourceTree = "<group>"; };
		5FF0B0E2202BB86D00A7ADB8 /* IconPickerCollectionCell.xib */ = {isa = PBXFileReference; lastKnownFileType = file.xib; path = IconPickerCollectionCell.xib; sourceTree = "<group>"; };
		5FF0B0E7202BC2E600A7ADB8 /* UIImageView+Decoration.swift */ = {isa = PBXFileReference; lastKnownFileType = sourcecode.swift; path = "UIImageView+Decoration.swift"; sourceTree = "<group>"; };
		5FF8307F2031F2B600FABDD8 /* TaskDetailTableViewController.swift */ = {isa = PBXFileReference; lastKnownFileType = sourcecode.swift; path = TaskDetailTableViewController.swift; sourceTree = "<group>"; };
		5FF830812031F3E700FABDD8 /* TextFieldCell.swift */ = {isa = PBXFileReference; lastKnownFileType = sourcecode.swift; path = TextFieldCell.swift; sourceTree = "<group>"; };
		5FF830822031F3E700FABDD8 /* TextFieldCell.xib */ = {isa = PBXFileReference; lastKnownFileType = file.xib; path = TextFieldCell.xib; sourceTree = "<group>"; };
		5FF830872031F40B00FABDD8 /* DatePickerCell.swift */ = {isa = PBXFileReference; lastKnownFileType = sourcecode.swift; path = DatePickerCell.swift; sourceTree = "<group>"; };
		5FF830882031F40B00FABDD8 /* DatePickerCell.xib */ = {isa = PBXFileReference; lastKnownFileType = file.xib; path = DatePickerCell.xib; sourceTree = "<group>"; };
		5FF8308F2031F4A800FABDD8 /* UITableViewCell+ReusableId.swift */ = {isa = PBXFileReference; lastKnownFileType = sourcecode.swift; path = "UITableViewCell+ReusableId.swift"; sourceTree = "<group>"; };
		5FF830912031FEC400FABDD8 /* TaskDetailViewController.swift */ = {isa = PBXFileReference; lastKnownFileType = sourcecode.swift; path = TaskDetailViewController.swift; sourceTree = "<group>"; };
		5FF8309320323DDA00FABDD8 /* TaskListCell.swift */ = {isa = PBXFileReference; lastKnownFileType = sourcecode.swift; path = TaskListCell.swift; sourceTree = "<group>"; };
		5FF8309420323DDA00FABDD8 /* TaskListCell.xib */ = {isa = PBXFileReference; lastKnownFileType = file.xib; path = TaskListCell.xib; sourceTree = "<group>"; };
		5FF830972032818B00FABDD8 /* TaskCell.swift */ = {isa = PBXFileReference; lastKnownFileType = sourcecode.swift; path = TaskCell.swift; sourceTree = "<group>"; };
		5FF830982032818B00FABDD8 /* TaskCell.xib */ = {isa = PBXFileReference; lastKnownFileType = file.xib; path = TaskCell.xib; sourceTree = "<group>"; };
		5FF8309F2032B25500FABDD8 /* TaskListViewController.swift */ = {isa = PBXFileReference; lastKnownFileType = sourcecode.swift; path = TaskListViewController.swift; sourceTree = "<group>"; };
		5FFC81BB20373833007F018F /* BasicStorageFunctions.swift */ = {isa = PBXFileReference; lastKnownFileType = sourcecode.swift; path = BasicStorageFunctions.swift; sourceTree = "<group>"; };
		6E59CB06CC792C3CC386024C /* Pods_MyTasks.framework */ = {isa = PBXFileReference; explicitFileType = wrapper.framework; includeInIndex = 0; path = Pods_MyTasks.framework; sourceTree = BUILT_PRODUCTS_DIR; };
		BE9E592CC29464903ADF1E1F /* Pods-MyTasks.release.xcconfig */ = {isa = PBXFileReference; includeInIndex = 1; lastKnownFileType = text.xcconfig; name = "Pods-MyTasks.release.xcconfig"; path = "Pods/Target Support Files/Pods-MyTasks/Pods-MyTasks.release.xcconfig"; sourceTree = "<group>"; };
/* End PBXFileReference section */

/* Begin PBXFrameworksBuildPhase section */
		5F9D3F632028D197000FFA2B /* Frameworks */ = {
			isa = PBXFrameworksBuildPhase;
			buildActionMask = 2147483647;
			files = (
				3C18754A6517DCC0B2C7BC3B /* Pods_MyTasks.framework in Frameworks */,
			);
			runOnlyForDeploymentPostprocessing = 0;
		};
/* End PBXFrameworksBuildPhase section */

/* Begin PBXGroup section */
		20A8B9ADE303E5BA56D001C0 /* Frameworks */ = {
			isa = PBXGroup;
			children = (
				6E59CB06CC792C3CC386024C /* Pods_MyTasks.framework */,
			);
			name = Frameworks;
			sourceTree = "<group>";
		};
		2CF84C60BEC4DAE01B223DD2 /* Pods */ = {
			isa = PBXGroup;
			children = (
				2617ADFA3901667898F17FA5 /* Pods-MyTasks.debug.xcconfig */,
				BE9E592CC29464903ADF1E1F /* Pods-MyTasks.release.xcconfig */,
			);
			name = Pods;
			sourceTree = "<group>";
		};
		5F9D3F5D2028D197000FFA2B = {
			isa = PBXGroup;
			children = (
				5F9D3F682028D197000FFA2B /* MyTasks */,
				5F9D3F672028D197000FFA2B /* Products */,
				2CF84C60BEC4DAE01B223DD2 /* Pods */,
				20A8B9ADE303E5BA56D001C0 /* Frameworks */,
			);
			sourceTree = "<group>";
		};
		5F9D3F672028D197000FFA2B /* Products */ = {
			isa = PBXGroup;
			children = (
				5F9D3F662028D197000FFA2B /* MyTasks.app */,
			);
			name = Products;
			sourceTree = "<group>";
		};
		5F9D3F682028D197000FFA2B /* MyTasks */ = {
			isa = PBXGroup;
			children = (
				5FD49CD1202A7F04008C1ECB /* Views */,
				5FC04987202A3F6400B80ABC /* Helpers */,
				5FC04986202A3F2B00B80ABC /* API */,
				5FC04985202A3EF200B80ABC /* Resources */,
				5F9D3F832028ECB2000FFA2B /* Models */,
				5F9D3F7E2028D765000FFA2B /* Controllers */,
				5F9D3F692028D197000FFA2B /* AppDelegate.swift */,
				5F9D3F782028D197000FFA2B /* Info.plist */,
				5F9D3F702028D197000FFA2B /* MyTasks.xcdatamodeld */,
			);
			path = MyTasks;
			sourceTree = "<group>";
		};
		5F9D3F7E2028D765000FFA2B /* Controllers */ = {
			isa = PBXGroup;
			children = (
				5F9D3F7F2028D79E000FFA2B /* LoginViewController.swift */,
				5FC0497A202A322800B80ABC /* HomeViewController.swift */,
				5FD49CDE202A9AC7008C1ECB /* TaskListDetailViewController.swift */,
				5FF0B0D5202B5D6500A7ADB8 /* TaskListDetailTableViewController.swift */,
				5FF8307F2031F2B600FABDD8 /* TaskDetailTableViewController.swift */,
				5FF830912031FEC400FABDD8 /* TaskDetailViewController.swift */,
				5FF8309F2032B25500FABDD8 /* TaskListViewController.swift */,
				5F8AC264203B94E800B3E037 /* SliderMenuViewController.swift */,
				5F8AC266203BA88000B3E037 /* MenuViewController.swift */,
			);
			path = Controllers;
			sourceTree = "<group>";
		};
		5F9D3F832028ECB2000FFA2B /* Models */ = {
			isa = PBXGroup;
			children = (
				5F9D3F842028ECDA000FFA2B /* User.swift */,
				5FD49CCD202A7AFA008C1ECB /* TaskList.swift */,
				5FD49CCF202A7B5B008C1ECB /* TaskItem.swift */,
				5FADACE5202CF9DE0002C351 /* CategoryIcon.swift */,
				5FFC81BB20373833007F018F /* BasicStorageFunctions.swift */,
			);
			path = Models;
			sourceTree = "<group>";
		};
		5FC04985202A3EF200B80ABC /* Resources */ = {
			isa = PBXGroup;
			children = (
				5F9D3F6D2028D197000FFA2B /* Main.storyboard */,
				5F9D3F732028D197000FFA2B /* Assets.xcassets */,
				5F9D3F752028D197000FFA2B /* LaunchScreen.storyboard */,
				5FC04978202A170400B80ABC /* Localizable.strings */,
			);
			path = Resources;
			sourceTree = "<group>";
		};
		5FC04986202A3F2B00B80ABC /* API */ = {
			isa = PBXGroup;
			children = (
				5F9D3F812028E06B000FFA2B /* FacebookManager.swift */,
				5FC0498B202A537F00B80ABC /* UserManager.swift */,
			);
			path = API;
			sourceTree = "<group>";
		};
		5FC04987202A3F6400B80ABC /* Helpers */ = {
			isa = PBXGroup;
			children = (
				5F9D3F8820291421000FFA2B /* RealmService.swift */,
				5FC04988202A3F7C00B80ABC /* Extensions */,
			);
			path = Helpers;
			sourceTree = "<group>";
		};
		5FC04988202A3F7C00B80ABC /* Extensions */ = {
			isa = PBXGroup;
			children = (
				5FACC613202A67D5003D1957 /* Date+Format.swift */,
				5FF0B0DD202B93CF00A7ADB8 /* UIColor+ColorPicker.swift */,
				5FF0B0E7202BC2E600A7ADB8 /* UIImageView+Decoration.swift */,
				5FADACE1202CD0710002C351 /* UIView+Decoration.swift */,
				5FADACE3202CF7EA0002C351 /* UICollectionViewCell+ReuseableId.swift */,
				5FF8308F2031F4A800FABDD8 /* UITableViewCell+ReusableId.swift */,
				5F2FB2AF20337B1C002667AC /* UIView+Gestures.swift */,
				5F2FB2B12033B12B002667AC /* UIButton+State.swift */,
			);
			path = Extensions;
			sourceTree = "<group>";
		};
		5FD49CD1202A7F04008C1ECB /* Views */ = {
			isa = PBXGroup;
			children = (
				5FD49CD4202A7F3A008C1ECB /* TaskListCollectionCell.swift */,
				5FD49CD5202A7F3A008C1ECB /* TaskListCollectionCell.xib */,
				5FD49CD8202A81B7008C1ECB /* AddTaskListCollectionCell.swift */,
				5FD49CD9202A81B7008C1ECB /* AddTaskListCollectionCell.xib */,
				5FF0B0D7202B92B500A7ADB8 /* ColorPickerCollectionCell.swift */,
				5FF0B0D8202B92B500A7ADB8 /* ColorPickerCollectionCell.xib */,
				5FF0B0E1202BB86D00A7ADB8 /* IconPickerCollectionCell.swift */,
				5FF0B0E2202BB86D00A7ADB8 /* IconPickerCollectionCell.xib */,
				5FADACDF202CA6D60002C351 /* LayerContainerView.swift */,
				5FF830812031F3E700FABDD8 /* TextFieldCell.swift */,
				5FF830822031F3E700FABDD8 /* TextFieldCell.xib */,
				5FF830872031F40B00FABDD8 /* DatePickerCell.swift */,
				5FE0693F2034E9A400121B9F /* DueDateCell.swift */,
				5FE069402034E9A400121B9F /* DueDateCell.xib */,
				5FF830882031F40B00FABDD8 /* DatePickerCell.xib */,
				5FF8309320323DDA00FABDD8 /* TaskListCell.swift */,
				5FF8309420323DDA00FABDD8 /* TaskListCell.xib */,
				5FF830972032818B00FABDD8 /* TaskCell.swift */,
				5FF830982032818B00FABDD8 /* TaskCell.xib */,
				5FE069372034B51500121B9F /* TaskListProgressView.swift */,
				5FE069392034B53600121B9F /* TaskListProgressView.xib */,
				5FE0693B2034C05400121B9F /* TaskListTableHeader.swift */,
				5FE0693D2034C09600121B9F /* TaskListTableHeader.xib */,
			);
			path = Views;
			sourceTree = "<group>";
		};
/* End PBXGroup section */

/* Begin PBXNativeTarget section */
		5F9D3F652028D197000FFA2B /* MyTasks */ = {
			isa = PBXNativeTarget;
			buildConfigurationList = 5F9D3F7B2028D197000FFA2B /* Build configuration list for PBXNativeTarget "MyTasks" */;
			buildPhases = (
				9D73EFC33E168943BD45BC46 /* [CP] Check Pods Manifest.lock */,
				5F9D3F622028D197000FFA2B /* Sources */,
				5F9D3F632028D197000FFA2B /* Frameworks */,
				5F9D3F642028D197000FFA2B /* Resources */,
				758DCE62D39331BB556D67D2 /* [CP] Embed Pods Frameworks */,
				F1CFF57B6350A725002E549E /* [CP] Copy Pods Resources */,
			);
			buildRules = (
			);
			dependencies = (
			);
			name = MyTasks;
			productName = MyTasks;
			productReference = 5F9D3F662028D197000FFA2B /* MyTasks.app */;
			productType = "com.apple.product-type.application";
		};
/* End PBXNativeTarget section */

/* Begin PBXProject section */
		5F9D3F5E2028D197000FFA2B /* Project object */ = {
			isa = PBXProject;
			attributes = {
				LastSwiftUpdateCheck = 0920;
				LastUpgradeCheck = 0920;
				ORGANIZATIONNAME = "Claudia Carrillo";
				TargetAttributes = {
					5F9D3F652028D197000FFA2B = {
						CreatedOnToolsVersion = 9.2;
						ProvisioningStyle = Automatic;
					};
				};
			};
			buildConfigurationList = 5F9D3F612028D197000FFA2B /* Build configuration list for PBXProject "MyTasks" */;
			compatibilityVersion = "Xcode 8.0";
			developmentRegion = en;
			hasScannedForEncodings = 0;
			knownRegions = (
				en,
				Base,
				"es-419",
			);
			mainGroup = 5F9D3F5D2028D197000FFA2B;
			productRefGroup = 5F9D3F672028D197000FFA2B /* Products */;
			projectDirPath = "";
			projectRoot = "";
			targets = (
				5F9D3F652028D197000FFA2B /* MyTasks */,
			);
		};
/* End PBXProject section */

/* Begin PBXResourcesBuildPhase section */
		5F9D3F642028D197000FFA2B /* Resources */ = {
			isa = PBXResourcesBuildPhase;
			buildActionMask = 2147483647;
			files = (
				5FF0B0E4202BB86D00A7ADB8 /* IconPickerCollectionCell.xib in Resources */,
				5FE069422034E9A400121B9F /* DueDateCell.xib in Resources */,
				5FF0B0DA202B92B500A7ADB8 /* ColorPickerCollectionCell.xib in Resources */,
				5FF830842031F3E700FABDD8 /* TextFieldCell.xib in Resources */,
				5FD49CDB202A81B7008C1ECB /* AddTaskListCollectionCell.xib in Resources */,
				5FF8309A2032818B00FABDD8 /* TaskCell.xib in Resources */,
				5FE0693A2034B53600121B9F /* TaskListProgressView.xib in Resources */,
				5FF8309620323DDA00FABDD8 /* TaskListCell.xib in Resources */,
				5F9D3F772028D197000FFA2B /* LaunchScreen.storyboard in Resources */,
				5FC04976202A170400B80ABC /* Localizable.strings in Resources */,
				5F9D3F742028D197000FFA2B /* Assets.xcassets in Resources */,
				5FE0693E2034C09600121B9F /* TaskListTableHeader.xib in Resources */,
				5FF8308A2031F40B00FABDD8 /* DatePickerCell.xib in Resources */,
				5F9D3F6F2028D197000FFA2B /* Main.storyboard in Resources */,
				5FD49CD7202A7F3A008C1ECB /* TaskListCollectionCell.xib in Resources */,
			);
			runOnlyForDeploymentPostprocessing = 0;
		};
/* End PBXResourcesBuildPhase section */

/* Begin PBXShellScriptBuildPhase section */
		758DCE62D39331BB556D67D2 /* [CP] Embed Pods Frameworks */ = {
			isa = PBXShellScriptBuildPhase;
			buildActionMask = 2147483647;
			files = (
			);
			inputPaths = (
				"${SRCROOT}/Pods/Target Support Files/Pods-MyTasks/Pods-MyTasks-frameworks.sh",
				"${BUILT_PRODUCTS_DIR}/Alamofire/Alamofire.framework",
				"${BUILT_PRODUCTS_DIR}/AlamofireImage/AlamofireImage.framework",
				"${BUILT_PRODUCTS_DIR}/Bolts/Bolts.framework",
				"${BUILT_PRODUCTS_DIR}/FBSDKCoreKit/FBSDKCoreKit.framework",
				"${BUILT_PRODUCTS_DIR}/FBSDKLoginKit/FBSDKLoginKit.framework",
				"${BUILT_PRODUCTS_DIR}/FacebookCore/FacebookCore.framework",
				"${BUILT_PRODUCTS_DIR}/FacebookLogin/FacebookLogin.framework",
				"${BUILT_PRODUCTS_DIR}/Realm/Realm.framework",
				"${BUILT_PRODUCTS_DIR}/RealmSwift/RealmSwift.framework",
				"${BUILT_PRODUCTS_DIR}/SlideMenuControllerSwift/SlideMenuControllerSwift.framework",
			);
			name = "[CP] Embed Pods Frameworks";
			outputPaths = (
				"${TARGET_BUILD_DIR}/${FRAMEWORKS_FOLDER_PATH}/Alamofire.framework",
				"${TARGET_BUILD_DIR}/${FRAMEWORKS_FOLDER_PATH}/AlamofireImage.framework",
				"${TARGET_BUILD_DIR}/${FRAMEWORKS_FOLDER_PATH}/Bolts.framework",
				"${TARGET_BUILD_DIR}/${FRAMEWORKS_FOLDER_PATH}/FBSDKCoreKit.framework",
				"${TARGET_BUILD_DIR}/${FRAMEWORKS_FOLDER_PATH}/FBSDKLoginKit.framework",
				"${TARGET_BUILD_DIR}/${FRAMEWORKS_FOLDER_PATH}/FacebookCore.framework",
				"${TARGET_BUILD_DIR}/${FRAMEWORKS_FOLDER_PATH}/FacebookLogin.framework",
				"${TARGET_BUILD_DIR}/${FRAMEWORKS_FOLDER_PATH}/Realm.framework",
				"${TARGET_BUILD_DIR}/${FRAMEWORKS_FOLDER_PATH}/RealmSwift.framework",
				"${TARGET_BUILD_DIR}/${FRAMEWORKS_FOLDER_PATH}/SlideMenuControllerSwift.framework",
			);
			runOnlyForDeploymentPostprocessing = 0;
			shellPath = /bin/sh;
			shellScript = "\"${SRCROOT}/Pods/Target Support Files/Pods-MyTasks/Pods-MyTasks-frameworks.sh\"\n";
			showEnvVarsInLog = 0;
		};
		9D73EFC33E168943BD45BC46 /* [CP] Check Pods Manifest.lock */ = {
			isa = PBXShellScriptBuildPhase;
			buildActionMask = 2147483647;
			files = (
			);
			inputPaths = (
				"${PODS_PODFILE_DIR_PATH}/Podfile.lock",
				"${PODS_ROOT}/Manifest.lock",
			);
			name = "[CP] Check Pods Manifest.lock";
			outputPaths = (
				"$(DERIVED_FILE_DIR)/Pods-MyTasks-checkManifestLockResult.txt",
			);
			runOnlyForDeploymentPostprocessing = 0;
			shellPath = /bin/sh;
			shellScript = "diff \"${PODS_PODFILE_DIR_PATH}/Podfile.lock\" \"${PODS_ROOT}/Manifest.lock\" > /dev/null\nif [ $? != 0 ] ; then\n    # print error to STDERR\n    echo \"error: The sandbox is not in sync with the Podfile.lock. Run 'pod install' or update your CocoaPods installation.\" >&2\n    exit 1\nfi\n# This output is used by Xcode 'outputs' to avoid re-running this script phase.\necho \"SUCCESS\" > \"${SCRIPT_OUTPUT_FILE_0}\"\n";
			showEnvVarsInLog = 0;
		};
		F1CFF57B6350A725002E549E /* [CP] Copy Pods Resources */ = {
			isa = PBXShellScriptBuildPhase;
			buildActionMask = 2147483647;
			files = (
			);
			inputPaths = (
			);
			name = "[CP] Copy Pods Resources";
			outputPaths = (
			);
			runOnlyForDeploymentPostprocessing = 0;
			shellPath = /bin/sh;
			shellScript = "\"${SRCROOT}/Pods/Target Support Files/Pods-MyTasks/Pods-MyTasks-resources.sh\"\n";
			showEnvVarsInLog = 0;
		};
/* End PBXShellScriptBuildPhase section */

/* Begin PBXSourcesBuildPhase section */
		5F9D3F622028D197000FFA2B /* Sources */ = {
			isa = PBXSourcesBuildPhase;
			buildActionMask = 2147483647;
			files = (
				5FC0497B202A322800B80ABC /* HomeViewController.swift in Sources */,
				5FADACE0202CA6D60002C351 /* LayerContainerView.swift in Sources */,
				5FF0B0DE202B93CF00A7ADB8 /* UIColor+ColorPicker.swift in Sources */,
				5FD49CCE202A7AFA008C1ECB /* TaskList.swift in Sources */,
				5FF830A02032B25500FABDD8 /* TaskListViewController.swift in Sources */,
				5FF830992032818B00FABDD8 /* TaskCell.swift in Sources */,
				5F2FB2B020337B1C002667AC /* UIView+Gestures.swift in Sources */,
				5F8AC267203BA88000B3E037 /* MenuViewController.swift in Sources */,
				5F9D3F802028D79E000FFA2B /* LoginViewController.swift in Sources */,
				5FC0498C202A537F00B80ABC /* UserManager.swift in Sources */,
				5FD49CD0202A7B5B008C1ECB /* TaskItem.swift in Sources */,
				5F9D3F8920291421000FFA2B /* RealmService.swift in Sources */,
				5FF0B0E8202BC2E600A7ADB8 /* UIImageView+Decoration.swift in Sources */,
				5FE069412034E9A400121B9F /* DueDateCell.swift in Sources */,
				5FE069382034B51500121B9F /* TaskListProgressView.swift in Sources */,
				5FD49CDA202A81B7008C1ECB /* AddTaskListCollectionCell.swift in Sources */,
				5FF0B0D9202B92B500A7ADB8 /* ColorPickerCollectionCell.swift in Sources */,
				5FF830802031F2B600FABDD8 /* TaskDetailTableViewController.swift in Sources */,
				5F9D3F822028E06B000FFA2B /* FacebookManager.swift in Sources */,
				5FADACE6202CF9DE0002C351 /* CategoryIcon.swift in Sources */,
				5F9D3F722028D197000FFA2B /* MyTasks.xcdatamodeld in Sources */,
				5FACC614202A67D5003D1957 /* Date+Format.swift in Sources */,
				5FADACE2202CD0710002C351 /* UIView+Decoration.swift in Sources */,
				5FE0693C2034C05400121B9F /* TaskListTableHeader.swift in Sources */,
				5F9D3F852028ECDA000FFA2B /* User.swift in Sources */,
				5FD49CD6202A7F3A008C1ECB /* TaskListCollectionCell.swift in Sources */,
				5FF830892031F40B00FABDD8 /* DatePickerCell.swift in Sources */,
				5FF830832031F3E700FABDD8 /* TextFieldCell.swift in Sources */,
				5F9D3F6A2028D197000FFA2B /* AppDelegate.swift in Sources */,
				5FF830902031F4A800FABDD8 /* UITableViewCell+ReusableId.swift in Sources */,
				5FF0B0D6202B5D6500A7ADB8 /* TaskListDetailTableViewController.swift in Sources */,
				5FF830922031FEC400FABDD8 /* TaskDetailViewController.swift in Sources */,
				5FFC81BC20373833007F018F /* BasicStorageFunctions.swift in Sources */,
				5F8AC265203B94E800B3E037 /* SliderMenuViewController.swift in Sources */,
				5F2FB2B22033B12B002667AC /* UIButton+State.swift in Sources */,
				5FF8309520323DDA00FABDD8 /* TaskListCell.swift in Sources */,
				5FD49CDF202A9AC7008C1ECB /* TaskListDetailViewController.swift in Sources */,
				5FF0B0E3202BB86D00A7ADB8 /* IconPickerCollectionCell.swift in Sources */,
				5FADACE4202CF7EA0002C351 /* UICollectionViewCell+ReuseableId.swift in Sources */,
			);
			runOnlyForDeploymentPostprocessing = 0;
		};
/* End PBXSourcesBuildPhase section */

/* Begin PBXVariantGroup section */
		5F9D3F6D2028D197000FFA2B /* Main.storyboard */ = {
			isa = PBXVariantGroup;
			children = (
				5F9D3F6E2028D197000FFA2B /* Base */,
				5FC04981202A387200B80ABC /* es-419 */,
			);
			name = Main.storyboard;
			sourceTree = "<group>";
		};
		5F9D3F752028D197000FFA2B /* LaunchScreen.storyboard */ = {
			isa = PBXVariantGroup;
			children = (
				5F9D3F762028D197000FFA2B /* Base */,
				5FC04982202A387200B80ABC /* es-419 */,
			);
			name = LaunchScreen.storyboard;
			sourceTree = "<group>";
		};
		5FC04978202A170400B80ABC /* Localizable.strings */ = {
			isa = PBXVariantGroup;
			children = (
				5FC04979202A171800B80ABC /* Base */,
				5FC04983202A387200B80ABC /* es-419 */,
				5FC04984202A38A500B80ABC /* en */,
			);
			name = Localizable.strings;
			sourceTree = "<group>";
		};
/* End PBXVariantGroup section */

/* Begin XCBuildConfiguration section */
		5F9D3F792028D197000FFA2B /* Debug */ = {
			isa = XCBuildConfiguration;
			buildSettings = {
				ALWAYS_SEARCH_USER_PATHS = NO;
				CLANG_ANALYZER_LOCALIZABILITY_NONLOCALIZED = YES;
				CLANG_ANALYZER_NONNULL = YES;
				CLANG_ANALYZER_NUMBER_OBJECT_CONVERSION = YES_AGGRESSIVE;
				CLANG_CXX_LANGUAGE_STANDARD = "gnu++14";
				CLANG_CXX_LIBRARY = "libc++";
				CLANG_ENABLE_MODULES = YES;
				CLANG_ENABLE_OBJC_ARC = YES;
				CLANG_WARN_BLOCK_CAPTURE_AUTORELEASING = YES;
				CLANG_WARN_BOOL_CONVERSION = YES;
				CLANG_WARN_COMMA = YES;
				CLANG_WARN_CONSTANT_CONVERSION = YES;
				CLANG_WARN_DIRECT_OBJC_ISA_USAGE = YES_ERROR;
				CLANG_WARN_DOCUMENTATION_COMMENTS = YES;
				CLANG_WARN_EMPTY_BODY = YES;
				CLANG_WARN_ENUM_CONVERSION = YES;
				CLANG_WARN_INFINITE_RECURSION = YES;
				CLANG_WARN_INT_CONVERSION = YES;
				CLANG_WARN_NON_LITERAL_NULL_CONVERSION = YES;
				CLANG_WARN_OBJC_LITERAL_CONVERSION = YES;
				CLANG_WARN_OBJC_ROOT_CLASS = YES_ERROR;
				CLANG_WARN_RANGE_LOOP_ANALYSIS = YES;
				CLANG_WARN_STRICT_PROTOTYPES = YES;
				CLANG_WARN_SUSPICIOUS_MOVE = YES;
				CLANG_WARN_UNGUARDED_AVAILABILITY = YES_AGGRESSIVE;
				CLANG_WARN_UNREACHABLE_CODE = YES;
				CLANG_WARN__DUPLICATE_METHOD_MATCH = YES;
				CODE_SIGN_IDENTITY = "iPhone Developer";
				COPY_PHASE_STRIP = NO;
				DEBUG_INFORMATION_FORMAT = dwarf;
				ENABLE_STRICT_OBJC_MSGSEND = YES;
				ENABLE_TESTABILITY = YES;
				GCC_C_LANGUAGE_STANDARD = gnu11;
				GCC_DYNAMIC_NO_PIC = NO;
				GCC_NO_COMMON_BLOCKS = YES;
				GCC_OPTIMIZATION_LEVEL = 0;
				GCC_PREPROCESSOR_DEFINITIONS = (
					"DEBUG=1",
					"$(inherited)",
				);
				GCC_WARN_64_TO_32_BIT_CONVERSION = YES;
				GCC_WARN_ABOUT_RETURN_TYPE = YES_ERROR;
				GCC_WARN_UNDECLARED_SELECTOR = YES;
				GCC_WARN_UNINITIALIZED_AUTOS = YES_AGGRESSIVE;
				GCC_WARN_UNUSED_FUNCTION = YES;
				GCC_WARN_UNUSED_VARIABLE = YES;
				IPHONEOS_DEPLOYMENT_TARGET = 11.2;
				MTL_ENABLE_DEBUG_INFO = YES;
				ONLY_ACTIVE_ARCH = YES;
				SDKROOT = iphoneos;
				SWIFT_ACTIVE_COMPILATION_CONDITIONS = DEBUG;
				SWIFT_OPTIMIZATION_LEVEL = "-Onone";
			};
			name = Debug;
		};
		5F9D3F7A2028D197000FFA2B /* Release */ = {
			isa = XCBuildConfiguration;
			buildSettings = {
				ALWAYS_SEARCH_USER_PATHS = NO;
				CLANG_ANALYZER_LOCALIZABILITY_NONLOCALIZED = YES;
				CLANG_ANALYZER_NONNULL = YES;
				CLANG_ANALYZER_NUMBER_OBJECT_CONVERSION = YES_AGGRESSIVE;
				CLANG_CXX_LANGUAGE_STANDARD = "gnu++14";
				CLANG_CXX_LIBRARY = "libc++";
				CLANG_ENABLE_MODULES = YES;
				CLANG_ENABLE_OBJC_ARC = YES;
				CLANG_WARN_BLOCK_CAPTURE_AUTORELEASING = YES;
				CLANG_WARN_BOOL_CONVERSION = YES;
				CLANG_WARN_COMMA = YES;
				CLANG_WARN_CONSTANT_CONVERSION = YES;
				CLANG_WARN_DIRECT_OBJC_ISA_USAGE = YES_ERROR;
				CLANG_WARN_DOCUMENTATION_COMMENTS = YES;
				CLANG_WARN_EMPTY_BODY = YES;
				CLANG_WARN_ENUM_CONVERSION = YES;
				CLANG_WARN_INFINITE_RECURSION = YES;
				CLANG_WARN_INT_CONVERSION = YES;
				CLANG_WARN_NON_LITERAL_NULL_CONVERSION = YES;
				CLANG_WARN_OBJC_LITERAL_CONVERSION = YES;
				CLANG_WARN_OBJC_ROOT_CLASS = YES_ERROR;
				CLANG_WARN_RANGE_LOOP_ANALYSIS = YES;
				CLANG_WARN_STRICT_PROTOTYPES = YES;
				CLANG_WARN_SUSPICIOUS_MOVE = YES;
				CLANG_WARN_UNGUARDED_AVAILABILITY = YES_AGGRESSIVE;
				CLANG_WARN_UNREACHABLE_CODE = YES;
				CLANG_WARN__DUPLICATE_METHOD_MATCH = YES;
				CODE_SIGN_IDENTITY = "iPhone Developer";
				COPY_PHASE_STRIP = NO;
				DEBUG_INFORMATION_FORMAT = "dwarf-with-dsym";
				ENABLE_NS_ASSERTIONS = NO;
				ENABLE_STRICT_OBJC_MSGSEND = YES;
				GCC_C_LANGUAGE_STANDARD = gnu11;
				GCC_NO_COMMON_BLOCKS = YES;
				GCC_WARN_64_TO_32_BIT_CONVERSION = YES;
				GCC_WARN_ABOUT_RETURN_TYPE = YES_ERROR;
				GCC_WARN_UNDECLARED_SELECTOR = YES;
				GCC_WARN_UNINITIALIZED_AUTOS = YES_AGGRESSIVE;
				GCC_WARN_UNUSED_FUNCTION = YES;
				GCC_WARN_UNUSED_VARIABLE = YES;
				IPHONEOS_DEPLOYMENT_TARGET = 11.2;
				MTL_ENABLE_DEBUG_INFO = NO;
				SDKROOT = iphoneos;
				SWIFT_OPTIMIZATION_LEVEL = "-Owholemodule";
				VALIDATE_PRODUCT = YES;
			};
			name = Release;
		};
		5F9D3F7C2028D197000FFA2B /* Debug */ = {
			isa = XCBuildConfiguration;
			baseConfigurationReference = 2617ADFA3901667898F17FA5 /* Pods-MyTasks.debug.xcconfig */;
			buildSettings = {
				ASSETCATALOG_COMPILER_APPICON_NAME = AppIcon;
				CODE_SIGN_STYLE = Automatic;
				DEVELOPMENT_TEAM = FQB7945LTG;
				INFOPLIST_FILE = MyTasks/Info.plist;
				IPHONEOS_DEPLOYMENT_TARGET = 11.0;
				LD_RUNPATH_SEARCH_PATHS = "$(inherited) @executable_path/Frameworks";
				PRODUCT_BUNDLE_IDENTIFIER = nearsoft.MyTasks;
				PRODUCT_NAME = "$(TARGET_NAME)";
				SWIFT_VERSION = 4.0;
				TARGETED_DEVICE_FAMILY = "1,2";
			};
			name = Debug;
		};
		5F9D3F7D2028D197000FFA2B /* Release */ = {
			isa = XCBuildConfiguration;
			baseConfigurationReference = BE9E592CC29464903ADF1E1F /* Pods-MyTasks.release.xcconfig */;
			buildSettings = {
				ASSETCATALOG_COMPILER_APPICON_NAME = AppIcon;
				CODE_SIGN_STYLE = Automatic;
				DEVELOPMENT_TEAM = FQB7945LTG;
				INFOPLIST_FILE = MyTasks/Info.plist;
				IPHONEOS_DEPLOYMENT_TARGET = 11.0;
				LD_RUNPATH_SEARCH_PATHS = "$(inherited) @executable_path/Frameworks";
				PRODUCT_BUNDLE_IDENTIFIER = nearsoft.MyTasks;
				PRODUCT_NAME = "$(TARGET_NAME)";
				SWIFT_VERSION = 4.0;
				TARGETED_DEVICE_FAMILY = "1,2";
			};
			name = Release;
		};
/* End XCBuildConfiguration section */

/* Begin XCConfigurationList section */
		5F9D3F612028D197000FFA2B /* Build configuration list for PBXProject "MyTasks" */ = {
			isa = XCConfigurationList;
			buildConfigurations = (
				5F9D3F792028D197000FFA2B /* Debug */,
				5F9D3F7A2028D197000FFA2B /* Release */,
			);
			defaultConfigurationIsVisible = 0;
			defaultConfigurationName = Release;
		};
		5F9D3F7B2028D197000FFA2B /* Build configuration list for PBXNativeTarget "MyTasks" */ = {
			isa = XCConfigurationList;
			buildConfigurations = (
				5F9D3F7C2028D197000FFA2B /* Debug */,
				5F9D3F7D2028D197000FFA2B /* Release */,
			);
			defaultConfigurationIsVisible = 0;
			defaultConfigurationName = Release;
		};
/* End XCConfigurationList section */

/* Begin XCVersionGroup section */
		5F9D3F702028D197000FFA2B /* MyTasks.xcdatamodeld */ = {
			isa = XCVersionGroup;
			children = (
				5F9D3F712028D197000FFA2B /* MyTasks.xcdatamodel */,
			);
			currentVersion = 5F9D3F712028D197000FFA2B /* MyTasks.xcdatamodel */;
			path = MyTasks.xcdatamodeld;
			sourceTree = "<group>";
			versionGroupType = wrapper.xcdatamodel;
		};
/* End XCVersionGroup section */
	};
	rootObject = 5F9D3F5E2028D197000FFA2B /* Project object */;
}
